<Solution>
  <Project Path="Configuration/Configuration.csproj" />
  <Project Path="DbContext/DbContext.csproj" />
  <Project Path="DbModels/DbModels.csproj" />
  <Project Path="DbRepos/DbRepos.csproj" />
  <Project Path="Services/Services.csproj" />
  <Project Path="AppWebApi/AppWebApi.csproj" />
  <Project Path="Models/Models.csproj" />
</Solution>
